
Microsoft Visual Studio Solution File, Format Version 12.00
# Visual Studio Version 17
VisualStudioVersion = 17.0.31903.59
MinimumVisualStudioVersion = 10.0.40219.1
Project("{2150E333-8FDC-42A3-9474-1A3956D46DE8}") = "src", "src", "{ECA9E9AC-893C-4B73-B00E-91AE4F9A9053}"
EndProject
Project("{FAE04EC0-301F-11D3-BF4B-00C04F79EFBC}") = "CarRentalSys.Domain", "src\CarRentalSys.Domain\CarRentalSys.Domain.csproj", "{7CFEB3D8-2322-4A7A-B48E-0756836FF8C1}"
EndProject
Project("{FAE04EC0-301F-11D3-BF4B-00C04F79EFBC}") = "CarRentalSys.Application", "src\CarRentalSys.Application\CarRentalSys.Application.csproj", "{5D54E157-AEF8-4779-BC22-735AF3EE6AD3}"
EndProject
Global
	GlobalSection(SolutionConfigurationPlatforms) = preSolution
		Debug|Any CPU = Debug|Any CPU
		Release|Any CPU = Release|Any CPU
	EndGlobalSection
	GlobalSection(SolutionProperties) = preSolution
		HideSolutionNode = FALSE
	EndGlobalSection
	GlobalSection(ProjectConfigurationPlatforms) = postSolution
		{7CFEB3D8-2322-4A7A-B48E-0756836FF8C1}.Debug|Any CPU.ActiveCfg = Debug|Any CPU
		{7CFEB3D8-2322-4A7A-B48E-0756836FF8C1}.Debug|Any CPU.Build.0 = Debug|Any CPU
		{7CFEB3D8-2322-4A7A-B48E-0756836FF8C1}.Release|Any CPU.ActiveCfg = Release|Any CPU
		{7CFEB3D8-2322-4A7A-B48E-0756836FF8C1}.Release|Any CPU.Build.0 = Release|Any CPU
		{5D54E157-AEF8-4779-BC22-735AF3EE6AD3}.Debug|Any CPU.ActiveCfg = Debug|Any CPU
		{5D54E157-AEF8-4779-BC22-735AF3EE6AD3}.Debug|Any CPU.Build.0 = Debug|Any CPU
		{5D54E157-AEF8-4779-BC22-735AF3EE6AD3}.Release|Any CPU.ActiveCfg = Release|Any CPU
		{5D54E157-AEF8-4779-BC22-735AF3EE6AD3}.Release|Any CPU.Build.0 = Release|Any CPU
	EndGlobalSection
	GlobalSection(NestedProjects) = preSolution
		{7CFEB3D8-2322-4A7A-B48E-0756836FF8C1} = {ECA9E9AC-893C-4B73-B00E-91AE4F9A9053}
		{5D54E157-AEF8-4779-BC22-735AF3EE6AD3} = {ECA9E9AC-893C-4B73-B00E-91AE4F9A9053}
	EndGlobalSection
EndGlobal
